{
    "name": "2x55na-inventory-performance-report",
    "version": "1.0.0",
    "lockfileVersion": 3,
    "requires": true,
    "packages": {
        "": {
            "name": "2x55na-inventory-performance-report",
            "version": "1.0.0",
            "workspaces": [
                "repository_after"
            ],
            "devDependencies": {
                "uuid": "^9.0.0"
            }
        },
        "node_modules/inventory-health-view": {
            "resolved": "repository_after",
            "link": true
        },
        "node_modules/uuid": {
            "version": "9.0.1",
            "resolved": "https://registry.npmjs.org/uuid/-/uuid-9.0.1.tgz",
            "integrity": "sha512-b+1eJOlsR9K8HJpow9Ok3fiWOWSIcIzXodvv0rQjVoOVNpWMpxf1wZNpt4y9h10odCNrqnYp1OBzRktckBe3sA==",
            "dev": true,
            "funding": [
                "https://github.com/sponsors/broofa",
                "https://github.com/sponsors/ctavan"
            ],
            "license": "MIT",
            "bin": {
                "uuid": "dist/bin/uuid"
            }
        },
        "repository_after": {
            "name": "inventory-health-view",
            "version": "1.0.0",
            "dependencies": {
                "react": "^18.2.0",
                "react-dom": "^18.2.0"
            },
            "devDependencies": {}
        },
        "repository_after/node_modules/js-tokens": {
            "version": "4.0.0",
            "license": "MIT"
        },
        "repository_after/node_modules/loose-envify": {
            "version": "1.4.0",
            "license": "MIT",
            "dependencies": {
                "js-tokens": "^3.0.0 || ^4.0.0"
            },
            "bin": {
                "loose-envify": "cli.js"
            }
        },
        "repository_after/node_modules/react": {
            "version": "18.3.1",
            "license": "MIT",
            "dependencies": {
                "loose-envify": "^1.1.0"
            },
            "engines": {
                "node": ">=0.10.0"
            }
        },
        "repository_after/node_modules/react-dom": {
            "version": "18.3.1",
            "license": "MIT",
            "dependencies": {
                "loose-envify": "^1.1.0",
                "scheduler": "^0.23.2"
            },
            "peerDependencies": {
                "react": "^18.3.1"
            }
        },
        "repository_after/node_modules/scheduler": {
            "version": "0.23.2",
            "license": "MIT",
            "dependencies": {
                "loose-envify": "^1.1.0"
            }
        },
        "tests": {
            "version": "1.0.0",
            "extraneous": true,
            "devDependencies": {
                "vitest": "^0.28.0"
            }
        }
    }
}
